
Microsoft Visual Studio Solution File, Format Version 12.00
# Visual Studio 15
VisualStudioVersion = 15.0.27004.2010
MinimumVisualStudioVersion = 10.0.40219.1
Project("{FAE04EC0-301F-11D3-BF4B-00C04F79EFBC}") = "PruebaNMProgram", "PruebaNMProgram\PruebaNMProgram.csproj", "{C2B29311-4055-440C-A7AE-564AF5CBB372}"
EndProject
Project("{FAE04EC0-301F-11D3-BF4B-00C04F79EFBC}") = "PruebaNMProgramLibrary", "PruebaNMProgramLibrary\PruebaNMProgramLibrary.csproj", "{7F36020A-31B5-4222-8975-EB58E4EBF1D6}"
EndProject
Global
	GlobalSection(SolutionConfigurationPlatforms) = preSolution
		Debug|Any CPU = Debug|Any CPU
		Release|Any CPU = Release|Any CPU
	EndGlobalSection
	GlobalSection(ProjectConfigurationPlatforms) = postSolution
		{C2B29311-4055-440C-A7AE-564AF5CBB372}.Debug|Any CPU.ActiveCfg = Debug|Any CPU
		{C2B29311-4055-440C-A7AE-564AF5CBB372}.Debug|Any CPU.Build.0 = Debug|Any CPU
		{C2B29311-4055-440C-A7AE-564AF5CBB372}.Release|Any CPU.ActiveCfg = Release|Any CPU
		{C2B29311-4055-440C-A7AE-564AF5CBB372}.Release|Any CPU.Build.0 = Release|Any CPU
		{7F36020A-31B5-4222-8975-EB58E4EBF1D6}.Debug|Any CPU.ActiveCfg = Debug|Any CPU
		{7F36020A-31B5-4222-8975-EB58E4EBF1D6}.Debug|Any CPU.Build.0 = Debug|Any CPU
		{7F36020A-31B5-4222-8975-EB58E4EBF1D6}.Release|Any CPU.ActiveCfg = Release|Any CPU
		{7F36020A-31B5-4222-8975-EB58E4EBF1D6}.Release|Any CPU.Build.0 = Release|Any CPU
	EndGlobalSection
	GlobalSection(SolutionProperties) = preSolution
		HideSolutionNode = FALSE
	EndGlobalSection
	GlobalSection(ExtensibilityGlobals) = postSolution
		SolutionGuid = {304D0199-3127-430C-B928-62ED29FFAFCB}
	EndGlobalSection
EndGlobal
